
Microsoft Visual Studio Solution File, Format Version 12.00
# Visual Studio Version 17
VisualStudioVersion = 17.12.35707.178 d17.12
MinimumVisualStudioVersion = 10.0.40219.1
Project("{888888A0-9F3D-457C-B088-3A5042F75D52}") = "WebSiteMainProject", "WebSiteMainProject\WebSiteMainProject.pyproj", "{23C7AB28-FDB7-4971-B234-39977FB9BB77}"
EndProject
Global
	GlobalSection(SolutionConfigurationPlatforms) = preSolution
		Debug|Any CPU = Debug|Any CPU
		Release|Any CPU = Release|Any CPU
	EndGlobalSection
	GlobalSection(ProjectConfigurationPlatforms) = postSolution
		{23C7AB28-FDB7-4971-B234-39977FB9BB77}.Debug|Any CPU.ActiveCfg = Debug|Any CPU
		{23C7AB28-FDB7-4971-B234-39977FB9BB77}.Debug|Any CPU.Build.0 = Debug|Any CPU
		{23C7AB28-FDB7-4971-B234-39977FB9BB77}.Release|Any CPU.ActiveCfg = Release|Any CPU
		{23C7AB28-FDB7-4971-B234-39977FB9BB77}.Release|Any CPU.Build.0 = Release|Any CPU
	EndGlobalSection
	GlobalSection(SolutionProperties) = preSolution
		HideSolutionNode = FALSE
	EndGlobalSection
EndGlobal
